
Microsoft Visual Studio Solution File, Format Version 12.00
# Visual Studio 15
VisualStudioVersion = 15.0.28307.539
MinimumVisualStudioVersion = 10.0.40219.1
Project("{8BC9CEB8-8B4A-11D0-8D11-00A0C91BC942}") = "Valid Palindrome", "Valid Palindrome\Valid Palindrome.vcxproj", "{EF453AB5-003D-4439-B87C-C9B0645E3C43}"
EndProject
Global
	GlobalSection(SolutionConfigurationPlatforms) = preSolution
		Debug|x64 = Debug|x64
		Debug|x86 = Debug|x86
		Release|x64 = Release|x64
		Release|x86 = Release|x86
	EndGlobalSection
	GlobalSection(ProjectConfigurationPlatforms) = postSolution
		{EF453AB5-003D-4439-B87C-C9B0645E3C43}.Debug|x64.ActiveCfg = Debug|x64
		{EF453AB5-003D-4439-B87C-C9B0645E3C43}.Debug|x64.Build.0 = Debug|x64
		{EF453AB5-003D-4439-B87C-C9B0645E3C43}.Debug|x86.ActiveCfg = Debug|Win32
		{EF453AB5-003D-4439-B87C-C9B0645E3C43}.Debug|x86.Build.0 = Debug|Win32
		{EF453AB5-003D-4439-B87C-C9B0645E3C43}.Release|x64.ActiveCfg = Release|x64
		{EF453AB5-003D-4439-B87C-C9B0645E3C43}.Release|x64.Build.0 = Release|x64
		{EF453AB5-003D-4439-B87C-C9B0645E3C43}.Release|x86.ActiveCfg = Release|Win32
		{EF453AB5-003D-4439-B87C-C9B0645E3C43}.Release|x86.Build.0 = Release|Win32
	EndGlobalSection
	GlobalSection(SolutionProperties) = preSolution
		HideSolutionNode = FALSE
	EndGlobalSection
	GlobalSection(ExtensibilityGlobals) = postSolution
		SolutionGuid = {ACCC7D1C-B4A4-4338-9FEF-4EEA8ABA4198}
	EndGlobalSection
EndGlobal
